// !$*UTF8*$!
{
	archiveVersion = 1;
	classes = {
	};
	objectVersion = 56;
	objects = {

/* Begin PBXBuildFile section */
		35035B4DCFE8ACBBFA03C878 /* Pods_letsFitApp_letsFitAppUITests.framework in Frameworks */ = {isa = PBXBuildFile; fileRef = 7C3BFEEAE4041E7FA9AE3181 /* Pods_letsFitApp_letsFitAppUITests.framework */; };
		7CBADACDA2EE99BDDD8A1002 /* Pods_letsFitAppTests.framework in Frameworks */ = {isa = PBXBuildFile; fileRef = F7C4F93A1067BD3F5AB31E7A /* Pods_letsFitAppTests.framework */; };
		D18F59F32A312FDD00C1F09C /* FitnessViewController.swift in Sources */ = {isa = PBXBuildFile; fileRef = D18F59F22A312FDD00C1F09C /* FitnessViewController.swift */; };
		D18F59F52A312FED00C1F09C /* FitnessViewModel.swift in Sources */ = {isa = PBXBuildFile; fileRef = D18F59F42A312FED00C1F09C /* FitnessViewModel.swift */; };
		D18F59F72A31301100C1F09C /* FitnessStoryboard.storyboard in Resources */ = {isa = PBXBuildFile; fileRef = D18F59F62A31301100C1F09C /* FitnessStoryboard.storyboard */; };
		D18F59F92A3130FE00C1F09C /* MealsViewController.swift in Sources */ = {isa = PBXBuildFile; fileRef = D18F59F82A3130FE00C1F09C /* MealsViewController.swift */; };
		D18F59FB2A31311500C1F09C /* MealsViewModel.swift in Sources */ = {isa = PBXBuildFile; fileRef = D18F59FA2A31311500C1F09C /* MealsViewModel.swift */; };
		D18F59FD2A31312200C1F09C /* MealsStoryboard.storyboard in Resources */ = {isa = PBXBuildFile; fileRef = D18F59FC2A31312200C1F09C /* MealsStoryboard.storyboard */; };
		D18F59FF2A3131D500C1F09C /* ReportsViewController.swift in Sources */ = {isa = PBXBuildFile; fileRef = D18F59FE2A3131D500C1F09C /* ReportsViewController.swift */; };
		D18F5A012A3131E300C1F09C /* ReportsViewModel.swift in Sources */ = {isa = PBXBuildFile; fileRef = D18F5A002A3131E300C1F09C /* ReportsViewModel.swift */; };
		D18F5A032A3131F100C1F09C /* ReportsStoryboard.storyboard in Resources */ = {isa = PBXBuildFile; fileRef = D18F5A022A3131F100C1F09C /* ReportsStoryboard.storyboard */; };
		D1F104702A0FF56400A80460 /* AppDelegate.swift in Sources */ = {isa = PBXBuildFile; fileRef = D1F1046F2A0FF56400A80460 /* AppDelegate.swift */; };
		D1F104722A0FF56400A80460 /* SceneDelegate.swift in Sources */ = {isa = PBXBuildFile; fileRef = D1F104712A0FF56400A80460 /* SceneDelegate.swift */; };
		D1F104742A0FF56400A80460 /* BaseTabBarController.swift in Sources */ = {isa = PBXBuildFile; fileRef = D1F104732A0FF56400A80460 /* BaseTabBarController.swift */; };
		D1F104772A0FF56400A80460 /* Main.storyboard in Resources */ = {isa = PBXBuildFile; fileRef = D1F104752A0FF56400A80460 /* Main.storyboard */; };
		D1F1047A2A0FF56400A80460 /* letsFitApp.xcdatamodeld in Sources */ = {isa = PBXBuildFile; fileRef = D1F104782A0FF56400A80460 /* letsFitApp.xcdatamodeld */; };
		D1F1047C2A0FF56500A80460 /* Assets.xcassets in Resources */ = {isa = PBXBuildFile; fileRef = D1F1047B2A0FF56500A80460 /* Assets.xcassets */; };
		D1F1047F2A0FF56500A80460 /* LaunchScreen.storyboard in Resources */ = {isa = PBXBuildFile; fileRef = D1F1047D2A0FF56500A80460 /* LaunchScreen.storyboard */; };
		D1F1048A2A0FF56500A80460 /* letsFitAppTests.swift in Sources */ = {isa = PBXBuildFile; fileRef = D1F104892A0FF56500A80460 /* letsFitAppTests.swift */; };
		D1F104942A0FF56500A80460 /* letsFitAppUITests.swift in Sources */ = {isa = PBXBuildFile; fileRef = D1F104932A0FF56500A80460 /* letsFitAppUITests.swift */; };
		D1F104962A0FF56500A80460 /* letsFitAppUITestsLaunchTests.swift in Sources */ = {isa = PBXBuildFile; fileRef = D1F104952A0FF56500A80460 /* letsFitAppUITestsLaunchTests.swift */; };
		E9B24B06949CBD1F951F5668 /* Pods_letsFitApp.framework in Frameworks */ = {isa = PBXBuildFile; fileRef = 3C236575B123B205414371E0 /* Pods_letsFitApp.framework */; };
/* End PBXBuildFile section */

/* Begin PBXContainerItemProxy section */
		D1F104862A0FF56500A80460 /* PBXContainerItemProxy */ = {
			isa = PBXContainerItemProxy;
			containerPortal = D1F104642A0FF56400A80460 /* Project object */;
			proxyType = 1;
			remoteGlobalIDString = D1F1046B2A0FF56400A80460;
			remoteInfo = letsFitApp;
		};
		D1F104902A0FF56500A80460 /* PBXContainerItemProxy */ = {
			isa = PBXContainerItemProxy;
			containerPortal = D1F104642A0FF56400A80460 /* Project object */;
			proxyType = 1;
			remoteGlobalIDString = D1F1046B2A0FF56400A80460;
			remoteInfo = letsFitApp;
		};
/* End PBXContainerItemProxy section */

/* Begin PBXFileReference section */
		236DB632E1E463E7489BBD68 /* Pods-letsFitAppTests.debug.xcconfig */ = {isa = PBXFileReference; includeInIndex = 1; lastKnownFileType = text.xcconfig; name = "Pods-letsFitAppTests.debug.xcconfig"; path = "Target Support Files/Pods-letsFitAppTests/Pods-letsFitAppTests.debug.xcconfig"; sourceTree = "<group>"; };
		3C236575B123B205414371E0 /* Pods_letsFitApp.framework */ = {isa = PBXFileReference; explicitFileType = wrapper.framework; includeInIndex = 0; path = Pods_letsFitApp.framework; sourceTree = BUILT_PRODUCTS_DIR; };
		600EA204361321A06E4B3993 /* Pods-letsFitApp.debug.xcconfig */ = {isa = PBXFileReference; includeInIndex = 1; lastKnownFileType = text.xcconfig; name = "Pods-letsFitApp.debug.xcconfig"; path = "Target Support Files/Pods-letsFitApp/Pods-letsFitApp.debug.xcconfig"; sourceTree = "<group>"; };
		7C3BFEEAE4041E7FA9AE3181 /* Pods_letsFitApp_letsFitAppUITests.framework */ = {isa = PBXFileReference; explicitFileType = wrapper.framework; includeInIndex = 0; path = Pods_letsFitApp_letsFitAppUITests.framework; sourceTree = BUILT_PRODUCTS_DIR; };
		82F6B8168CD0D6AE55C83EE2 /* Pods-letsFitApp.release.xcconfig */ = {isa = PBXFileReference; includeInIndex = 1; lastKnownFileType = text.xcconfig; name = "Pods-letsFitApp.release.xcconfig"; path = "Target Support Files/Pods-letsFitApp/Pods-letsFitApp.release.xcconfig"; sourceTree = "<group>"; };
		8D1EF5E584A4F2D423355B82 /* Pods-letsFitAppTests.release.xcconfig */ = {isa = PBXFileReference; includeInIndex = 1; lastKnownFileType = text.xcconfig; name = "Pods-letsFitAppTests.release.xcconfig"; path = "Target Support Files/Pods-letsFitAppTests/Pods-letsFitAppTests.release.xcconfig"; sourceTree = "<group>"; };
		A4C5CE5C46331CEF34780841 /* Pods-letsFitApp-letsFitAppUITests.debug.xcconfig */ = {isa = PBXFileReference; includeInIndex = 1; lastKnownFileType = text.xcconfig; name = "Pods-letsFitApp-letsFitAppUITests.debug.xcconfig"; path = "Target Support Files/Pods-letsFitApp-letsFitAppUITests/Pods-letsFitApp-letsFitAppUITests.debug.xcconfig"; sourceTree = "<group>"; };
		D0D0F41D3DAB53F9284DF367 /* Pods-letsFitApp-letsFitAppUITests.release.xcconfig */ = {isa = PBXFileReference; includeInIndex = 1; lastKnownFileType = text.xcconfig; name = "Pods-letsFitApp-letsFitAppUITests.release.xcconfig"; path = "Target Support Files/Pods-letsFitApp-letsFitAppUITests/Pods-letsFitApp-letsFitAppUITests.release.xcconfig"; sourceTree = "<group>"; };
		D18F59F22A312FDD00C1F09C /* FitnessViewController.swift */ = {isa = PBXFileReference; lastKnownFileType = sourcecode.swift; path = FitnessViewController.swift; sourceTree = "<group>"; };
		D18F59F42A312FED00C1F09C /* FitnessViewModel.swift */ = {isa = PBXFileReference; lastKnownFileType = sourcecode.swift; path = FitnessViewModel.swift; sourceTree = "<group>"; };
		D18F59F62A31301100C1F09C /* FitnessStoryboard.storyboard */ = {isa = PBXFileReference; lastKnownFileType = file.storyboard; path = FitnessStoryboard.storyboard; sourceTree = "<group>"; };
		D18F59F82A3130FE00C1F09C /* MealsViewController.swift */ = {isa = PBXFileReference; lastKnownFileType = sourcecode.swift; path = MealsViewController.swift; sourceTree = "<group>"; };
		D18F59FA2A31311500C1F09C /* MealsViewModel.swift */ = {isa = PBXFileReference; lastKnownFileType = sourcecode.swift; path = MealsViewModel.swift; sourceTree = "<group>"; };
		D18F59FC2A31312200C1F09C /* MealsStoryboard.storyboard */ = {isa = PBXFileReference; lastKnownFileType = file.storyboard; path = MealsStoryboard.storyboard; sourceTree = "<group>"; };
		D18F59FE2A3131D500C1F09C /* ReportsViewController.swift */ = {isa = PBXFileReference; lastKnownFileType = sourcecode.swift; path = ReportsViewController.swift; sourceTree = "<group>"; };
		D18F5A002A3131E300C1F09C /* ReportsViewModel.swift */ = {isa = PBXFileReference; lastKnownFileType = sourcecode.swift; path = ReportsViewModel.swift; sourceTree = "<group>"; };
		D18F5A022A3131F100C1F09C /* ReportsStoryboard.storyboard */ = {isa = PBXFileReference; lastKnownFileType = file.storyboard; path = ReportsStoryboard.storyboard; sourceTree = "<group>"; };
		D1F1046C2A0FF56400A80460 /* letsFitApp.app */ = {isa = PBXFileReference; explicitFileType = wrapper.application; includeInIndex = 0; path = letsFitApp.app; sourceTree = BUILT_PRODUCTS_DIR; };
		D1F1046F2A0FF56400A80460 /* AppDelegate.swift */ = {isa = PBXFileReference; lastKnownFileType = sourcecode.swift; path = AppDelegate.swift; sourceTree = "<group>"; };
		D1F104712A0FF56400A80460 /* SceneDelegate.swift */ = {isa = PBXFileReference; lastKnownFileType = sourcecode.swift; path = SceneDelegate.swift; sourceTree = "<group>"; };
		D1F104732A0FF56400A80460 /* BaseTabBarController.swift */ = {isa = PBXFileReference; lastKnownFileType = sourcecode.swift; path = BaseTabBarController.swift; sourceTree = "<group>"; };
		D1F104762A0FF56400A80460 /* Base */ = {isa = PBXFileReference; lastKnownFileType = file.storyboard; name = Base; path = Base.lproj/Main.storyboard; sourceTree = "<group>"; };
		D1F104792A0FF56400A80460 /* letsFitApp.xcdatamodel */ = {isa = PBXFileReference; lastKnownFileType = wrapper.xcdatamodel; path = letsFitApp.xcdatamodel; sourceTree = "<group>"; };
		D1F1047B2A0FF56500A80460 /* Assets.xcassets */ = {isa = PBXFileReference; lastKnownFileType = folder.assetcatalog; path = Assets.xcassets; sourceTree = "<group>"; };
		D1F1047E2A0FF56500A80460 /* Base */ = {isa = PBXFileReference; lastKnownFileType = file.storyboard; name = Base; path = Base.lproj/LaunchScreen.storyboard; sourceTree = "<group>"; };
		D1F104802A0FF56500A80460 /* Info.plist */ = {isa = PBXFileReference; lastKnownFileType = text.plist.xml; path = Info.plist; sourceTree = "<group>"; };
		D1F104852A0FF56500A80460 /* letsFitAppTests.xctest */ = {isa = PBXFileReference; explicitFileType = wrapper.cfbundle; includeInIndex = 0; path = letsFitAppTests.xctest; sourceTree = BUILT_PRODUCTS_DIR; };
		D1F104892A0FF56500A80460 /* letsFitAppTests.swift */ = {isa = PBXFileReference; lastKnownFileType = sourcecode.swift; path = letsFitAppTests.swift; sourceTree = "<group>"; };
		D1F1048F2A0FF56500A80460 /* letsFitAppUITests.xctest */ = {isa = PBXFileReference; explicitFileType = wrapper.cfbundle; includeInIndex = 0; path = letsFitAppUITests.xctest; sourceTree = BUILT_PRODUCTS_DIR; };
		D1F104932A0FF56500A80460 /* letsFitAppUITests.swift */ = {isa = PBXFileReference; lastKnownFileType = sourcecode.swift; path = letsFitAppUITests.swift; sourceTree = "<group>"; };
		D1F104952A0FF56500A80460 /* letsFitAppUITestsLaunchTests.swift */ = {isa = PBXFileReference; lastKnownFileType = sourcecode.swift; path = letsFitAppUITestsLaunchTests.swift; sourceTree = "<group>"; };
		F7C4F93A1067BD3F5AB31E7A /* Pods_letsFitAppTests.framework */ = {isa = PBXFileReference; explicitFileType = wrapper.framework; includeInIndex = 0; path = Pods_letsFitAppTests.framework; sourceTree = BUILT_PRODUCTS_DIR; };
/* End PBXFileReference section */

/* Begin PBXFrameworksBuildPhase section */
		D1F104692A0FF56400A80460 /* Frameworks */ = {
			isa = PBXFrameworksBuildPhase;
			buildActionMask = 2147483647;
			files = (
				E9B24B06949CBD1F951F5668 /* Pods_letsFitApp.framework in Frameworks */,
			);
			runOnlyForDeploymentPostprocessing = 0;
		};
		D1F104822A0FF56500A80460 /* Frameworks */ = {
			isa = PBXFrameworksBuildPhase;
			buildActionMask = 2147483647;
			files = (
				7CBADACDA2EE99BDDD8A1002 /* Pods_letsFitAppTests.framework in Frameworks */,
			);
			runOnlyForDeploymentPostprocessing = 0;
		};
		D1F1048C2A0FF56500A80460 /* Frameworks */ = {
			isa = PBXFrameworksBuildPhase;
			buildActionMask = 2147483647;
			files = (
				35035B4DCFE8ACBBFA03C878 /* Pods_letsFitApp_letsFitAppUITests.framework in Frameworks */,
			);
			runOnlyForDeploymentPostprocessing = 0;
		};
/* End PBXFrameworksBuildPhase section */

/* Begin PBXGroup section */
		92AA77650E09FFFE76F0C2D2 /* Pods */ = {
			isa = PBXGroup;
			children = (
				600EA204361321A06E4B3993 /* Pods-letsFitApp.debug.xcconfig */,
				82F6B8168CD0D6AE55C83EE2 /* Pods-letsFitApp.release.xcconfig */,
				A4C5CE5C46331CEF34780841 /* Pods-letsFitApp-letsFitAppUITests.debug.xcconfig */,
				D0D0F41D3DAB53F9284DF367 /* Pods-letsFitApp-letsFitAppUITests.release.xcconfig */,
				236DB632E1E463E7489BBD68 /* Pods-letsFitAppTests.debug.xcconfig */,
				8D1EF5E584A4F2D423355B82 /* Pods-letsFitAppTests.release.xcconfig */,
			);
			path = Pods;
			sourceTree = "<group>";
		};
		CC9000CE3A30BC1F9DD66D2E /* Frameworks */ = {
			isa = PBXGroup;
			children = (
				3C236575B123B205414371E0 /* Pods_letsFitApp.framework */,
				7C3BFEEAE4041E7FA9AE3181 /* Pods_letsFitApp_letsFitAppUITests.framework */,
				F7C4F93A1067BD3F5AB31E7A /* Pods_letsFitAppTests.framework */,
			);
			name = Frameworks;
			sourceTree = "<group>";
		};
		D18F59ED2A312F2700C1F09C /* Controllers */ = {
			isa = PBXGroup;
			children = (
				D18F59EE2A312F5600C1F09C /* BaseTabbar */,
				D18F59EF2A312F7500C1F09C /* Fitness */,
				D18F59F02A312F8000C1F09C /* Meals */,
				D18F59F12A312F8900C1F09C /* Reports */,
			);
			path = Controllers;
			sourceTree = "<group>";
		};
		D18F59EE2A312F5600C1F09C /* BaseTabbar */ = {
			isa = PBXGroup;
			children = (
				D1F104732A0FF56400A80460 /* BaseTabBarController.swift */,
				D1F104752A0FF56400A80460 /* Main.storyboard */,
			);
			path = BaseTabbar;
			sourceTree = "<group>";
		};
		D18F59EF2A312F7500C1F09C /* Fitness */ = {
			isa = PBXGroup;
			children = (
				D18F59F22A312FDD00C1F09C /* FitnessViewController.swift */,
				D18F59F42A312FED00C1F09C /* FitnessViewModel.swift */,
				D18F59F62A31301100C1F09C /* FitnessStoryboard.storyboard */,
			);
			path = Fitness;
			sourceTree = "<group>";
		};
		D18F59F02A312F8000C1F09C /* Meals */ = {
			isa = PBXGroup;
			children = (
				D18F59F82A3130FE00C1F09C /* MealsViewController.swift */,
				D18F59FA2A31311500C1F09C /* MealsViewModel.swift */,
				D18F59FC2A31312200C1F09C /* MealsStoryboard.storyboard */,
			);
			path = Meals;
			sourceTree = "<group>";
		};
		D18F59F12A312F8900C1F09C /* Reports */ = {
			isa = PBXGroup;
			children = (
				D18F59FE2A3131D500C1F09C /* ReportsViewController.swift */,
				D18F5A002A3131E300C1F09C /* ReportsViewModel.swift */,
				D18F5A022A3131F100C1F09C /* ReportsStoryboard.storyboard */,
			);
			path = Reports;
			sourceTree = "<group>";
		};
		D1F104632A0FF56400A80460 = {
			isa = PBXGroup;
			children = (
				D1F1046E2A0FF56400A80460 /* letsFitApp */,
				D1F104882A0FF56500A80460 /* letsFitAppTests */,
				D1F104922A0FF56500A80460 /* letsFitAppUITests */,
				D1F1046D2A0FF56400A80460 /* Products */,
				92AA77650E09FFFE76F0C2D2 /* Pods */,
				CC9000CE3A30BC1F9DD66D2E /* Frameworks */,
			);
			sourceTree = "<group>";
		};
		D1F1046D2A0FF56400A80460 /* Products */ = {
			isa = PBXGroup;
			children = (
				D1F1046C2A0FF56400A80460 /* letsFitApp.app */,
				D1F104852A0FF56500A80460 /* letsFitAppTests.xctest */,
				D1F1048F2A0FF56500A80460 /* letsFitAppUITests.xctest */,
			);
			name = Products;
			sourceTree = "<group>";
		};
		D1F1046E2A0FF56400A80460 /* letsFitApp */ = {
			isa = PBXGroup;
			children = (
				D18F59ED2A312F2700C1F09C /* Controllers */,
				D1F1046F2A0FF56400A80460 /* AppDelegate.swift */,
				D1F104712A0FF56400A80460 /* SceneDelegate.swift */,
				D1F1047B2A0FF56500A80460 /* Assets.xcassets */,
				D1F1047D2A0FF56500A80460 /* LaunchScreen.storyboard */,
				D1F104802A0FF56500A80460 /* Info.plist */,
				D1F104782A0FF56400A80460 /* letsFitApp.xcdatamodeld */,
			);
			path = letsFitApp;
			sourceTree = "<group>";
		};
		D1F104882A0FF56500A80460 /* letsFitAppTests */ = {
			isa = PBXGroup;
			children = (
				D1F104892A0FF56500A80460 /* letsFitAppTests.swift */,
			);
			path = letsFitAppTests;
			sourceTree = "<group>";
		};
		D1F104922A0FF56500A80460 /* letsFitAppUITests */ = {
			isa = PBXGroup;
			children = (
				D1F104932A0FF56500A80460 /* letsFitAppUITests.swift */,
				D1F104952A0FF56500A80460 /* letsFitAppUITestsLaunchTests.swift */,
			);
			path = letsFitAppUITests;
			sourceTree = "<group>";
		};
/* End PBXGroup section */

/* Begin PBXNativeTarget section */
		D1F1046B2A0FF56400A80460 /* letsFitApp */ = {
			isa = PBXNativeTarget;
			buildConfigurationList = D1F104992A0FF56500A80460 /* Build configuration list for PBXNativeTarget "letsFitApp" */;
			buildPhases = (
				4CE791EB498EDEA00FF9DD0E /* [CP] Check Pods Manifest.lock */,
				D1F104682A0FF56400A80460 /* Sources */,
				D1F104692A0FF56400A80460 /* Frameworks */,
				D1F1046A2A0FF56400A80460 /* Resources */,
			);
			buildRules = (
			);
			dependencies = (
			);
			name = letsFitApp;
			productName = letsFitApp;
			productReference = D1F1046C2A0FF56400A80460 /* letsFitApp.app */;
			productType = "com.apple.product-type.application";
		};
		D1F104842A0FF56500A80460 /* letsFitAppTests */ = {
			isa = PBXNativeTarget;
			buildConfigurationList = D1F1049C2A0FF56500A80460 /* Build configuration list for PBXNativeTarget "letsFitAppTests" */;
			buildPhases = (
				52FA7057871A78F5BD1BF11F /* [CP] Check Pods Manifest.lock */,
				D1F104812A0FF56500A80460 /* Sources */,
				D1F104822A0FF56500A80460 /* Frameworks */,
				D1F104832A0FF56500A80460 /* Resources */,
			);
			buildRules = (
			);
			dependencies = (
				D1F104872A0FF56500A80460 /* PBXTargetDependency */,
			);
			name = letsFitAppTests;
			productName = letsFitAppTests;
			productReference = D1F104852A0FF56500A80460 /* letsFitAppTests.xctest */;
			productType = "com.apple.product-type.bundle.unit-test";
		};
		D1F1048E2A0FF56500A80460 /* letsFitAppUITests */ = {
			isa = PBXNativeTarget;
			buildConfigurationList = D1F1049F2A0FF56500A80460 /* Build configuration list for PBXNativeTarget "letsFitAppUITests" */;
			buildPhases = (
				E4B74369BC781596AD09072A /* [CP] Check Pods Manifest.lock */,
				D1F1048B2A0FF56500A80460 /* Sources */,
				D1F1048C2A0FF56500A80460 /* Frameworks */,
				D1F1048D2A0FF56500A80460 /* Resources */,
			);
			buildRules = (
			);
			dependencies = (
				D1F104912A0FF56500A80460 /* PBXTargetDependency */,
			);
			name = letsFitAppUITests;
			productName = letsFitAppUITests;
			productReference = D1F1048F2A0FF56500A80460 /* letsFitAppUITests.xctest */;
			productType = "com.apple.product-type.bundle.ui-testing";
		};
/* End PBXNativeTarget section */

/* Begin PBXProject section */
		D1F104642A0FF56400A80460 /* Project object */ = {
			isa = PBXProject;
			attributes = {
				BuildIndependentTargetsInParallel = 1;
				LastSwiftUpdateCheck = 1430;
				LastUpgradeCheck = 1430;
				TargetAttributes = {
					D1F1046B2A0FF56400A80460 = {
						CreatedOnToolsVersion = 14.3;
					};
					D1F104842A0FF56500A80460 = {
						CreatedOnToolsVersion = 14.3;
						TestTargetID = D1F1046B2A0FF56400A80460;
					};
					D1F1048E2A0FF56500A80460 = {
						CreatedOnToolsVersion = 14.3;
						TestTargetID = D1F1046B2A0FF56400A80460;
					};
				};
			};
			buildConfigurationList = D1F104672A0FF56400A80460 /* Build configuration list for PBXProject "letsFitApp" */;
			compatibilityVersion = "Xcode 14.0";
			developmentRegion = en;
			hasScannedForEncodings = 0;
			knownRegions = (
				en,
				Base,
			);
			mainGroup = D1F104632A0FF56400A80460;
			productRefGroup = D1F1046D2A0FF56400A80460 /* Products */;
			projectDirPath = "";
			projectRoot = "";
			targets = (
				D1F1046B2A0FF56400A80460 /* letsFitApp */,
				D1F104842A0FF56500A80460 /* letsFitAppTests */,
				D1F1048E2A0FF56500A80460 /* letsFitAppUITests */,
			);
		};
/* End PBXProject section */

/* Begin PBXResourcesBuildPhase section */
		D1F1046A2A0FF56400A80460 /* Resources */ = {
			isa = PBXResourcesBuildPhase;
			buildActionMask = 2147483647;
			files = (
				D18F59F72A31301100C1F09C /* FitnessStoryboard.storyboard in Resources */,
				D1F1047F2A0FF56500A80460 /* LaunchScreen.storyboard in Resources */,
				D18F59FD2A31312200C1F09C /* MealsStoryboard.storyboard in Resources */,
				D18F5A032A3131F100C1F09C /* ReportsStoryboard.storyboard in Resources */,
				D1F1047C2A0FF56500A80460 /* Assets.xcassets in Resources */,
				D1F104772A0FF56400A80460 /* Main.storyboard in Resources */,
			);
			runOnlyForDeploymentPostprocessing = 0;
		};
		D1F104832A0FF56500A80460 /* Resources */ = {
			isa = PBXResourcesBuildPhase;
			buildActionMask = 2147483647;
			files = (
			);
			runOnlyForDeploymentPostprocessing = 0;
		};
		D1F1048D2A0FF56500A80460 /* Resources */ = {
			isa = PBXResourcesBuildPhase;
			buildActionMask = 2147483647;
			files = (
			);
			runOnlyForDeploymentPostprocessing = 0;
		};
/* End PBXResourcesBuildPhase section */

/* Begin PBXShellScriptBuildPhase section */
		4CE791EB498EDEA00FF9DD0E /* [CP] Check Pods Manifest.lock */ = {
			isa = PBXShellScriptBuildPhase;
			buildActionMask = 2147483647;
			files = (
			);
			inputFileListPaths = (
			);
			inputPaths = (
				"${PODS_PODFILE_DIR_PATH}/Podfile.lock",
				"${PODS_ROOT}/Manifest.lock",
			);
			name = "[CP] Check Pods Manifest.lock";
			outputFileListPaths = (
			);
			outputPaths = (
				"$(DERIVED_FILE_DIR)/Pods-letsFitApp-checkManifestLockResult.txt",
			);
			runOnlyForDeploymentPostprocessing = 0;
			shellPath = /bin/sh;
			shellScript = "diff \"${PODS_PODFILE_DIR_PATH}/Podfile.lock\" \"${PODS_ROOT}/Manifest.lock\" > /dev/null\nif [ $? != 0 ] ; then\n    # print error to STDERR\n    echo \"error: The sandbox is not in sync with the Podfile.lock. Run 'pod install' or update your CocoaPods installation.\" >&2\n    exit 1\nfi\n# This output is used by Xcode 'outputs' to avoid re-running this script phase.\necho \"SUCCESS\" > \"${SCRIPT_OUTPUT_FILE_0}\"\n";
			showEnvVarsInLog = 0;
		};
		52FA7057871A78F5BD1BF11F /* [CP] Check Pods Manifest.lock */ = {
			isa = PBXShellScriptBuildPhase;
			buildActionMask = 2147483647;
			files = (
			);
			inputFileListPaths = (
			);
			inputPaths = (
				"${PODS_PODFILE_DIR_PATH}/Podfile.lock",
				"${PODS_ROOT}/Manifest.lock",
			);
			name = "[CP] Check Pods Manifest.lock";
			outputFileListPaths = (
			);
			outputPaths = (
				"$(DERIVED_FILE_DIR)/Pods-letsFitAppTests-checkManifestLockResult.txt",
			);
			runOnlyForDeploymentPostprocessing = 0;
			shellPath = /bin/sh;
			shellScript = "diff \"${PODS_PODFILE_DIR_PATH}/Podfile.lock\" \"${PODS_ROOT}/Manifest.lock\" > /dev/null\nif [ $? != 0 ] ; then\n    # print error to STDERR\n    echo \"error: The sandbox is not in sync with the Podfile.lock. Run 'pod install' or update your CocoaPods installation.\" >&2\n    exit 1\nfi\n# This output is used by Xcode 'outputs' to avoid re-running this script phase.\necho \"SUCCESS\" > \"${SCRIPT_OUTPUT_FILE_0}\"\n";
			showEnvVarsInLog = 0;
		};
		E4B74369BC781596AD09072A /* [CP] Check Pods Manifest.lock */ = {
			isa = PBXShellScriptBuildPhase;
			buildActionMask = 2147483647;
			files = (
			);
			inputFileListPaths = (
			);
			inputPaths = (
				"${PODS_PODFILE_DIR_PATH}/Podfile.lock",
				"${PODS_ROOT}/Manifest.lock",
			);
			name = "[CP] Check Pods Manifest.lock";
			outputFileListPaths = (
			);
			outputPaths = (
				"$(DERIVED_FILE_DIR)/Pods-letsFitApp-letsFitAppUITests-checkManifestLockResult.txt",
			);
			runOnlyForDeploymentPostprocessing = 0;
			shellPath = /bin/sh;
			shellScript = "diff \"${PODS_PODFILE_DIR_PATH}/Podfile.lock\" \"${PODS_ROOT}/Manifest.lock\" > /dev/null\nif [ $? != 0 ] ; then\n    # print error to STDERR\n    echo \"error: The sandbox is not in sync with the Podfile.lock. Run 'pod install' or update your CocoaPods installation.\" >&2\n    exit 1\nfi\n# This output is used by Xcode 'outputs' to avoid re-running this script phase.\necho \"SUCCESS\" > \"${SCRIPT_OUTPUT_FILE_0}\"\n";
			showEnvVarsInLog = 0;
		};
/* End PBXShellScriptBuildPhase section */

/* Begin PBXSourcesBuildPhase section */
		D1F104682A0FF56400A80460 /* Sources */ = {
			isa = PBXSourcesBuildPhase;
			buildActionMask = 2147483647;
			files = (
				D1F104742A0FF56400A80460 /* BaseTabBarController.swift in Sources */,
				D18F59F32A312FDD00C1F09C /* FitnessViewController.swift in Sources */,
				D1F104702A0FF56400A80460 /* AppDelegate.swift in Sources */,
				D18F59F52A312FED00C1F09C /* FitnessViewModel.swift in Sources */,
				D18F59FF2A3131D500C1F09C /* ReportsViewController.swift in Sources */,
				D18F59F92A3130FE00C1F09C /* MealsViewController.swift in Sources */,
				D18F59FB2A31311500C1F09C /* MealsViewModel.swift in Sources */,
				D1F104722A0FF56400A80460 /* SceneDelegate.swift in Sources */,
				D18F5A012A3131E300C1F09C /* ReportsViewModel.swift in Sources */,
				D1F1047A2A0FF56400A80460 /* letsFitApp.xcdatamodeld in Sources */,
			);
			runOnlyForDeploymentPostprocessing = 0;
		};
		D1F104812A0FF56500A80460 /* Sources */ = {
			isa = PBXSourcesBuildPhase;
			buildActionMask = 2147483647;
			files = (
				D1F1048A2A0FF56500A80460 /* letsFitAppTests.swift in Sources */,
			);
			runOnlyForDeploymentPostprocessing = 0;
		};
		D1F1048B2A0FF56500A80460 /* Sources */ = {
			isa = PBXSourcesBuildPhase;
			buildActionMask = 2147483647;
			files = (
				D1F104962A0FF56500A80460 /* letsFitAppUITestsLaunchTests.swift in Sources */,
				D1F104942A0FF56500A80460 /* letsFitAppUITests.swift in Sources */,
			);
			runOnlyForDeploymentPostprocessing = 0;
		};
/* End PBXSourcesBuildPhase section */

/* Begin PBXTargetDependency section */
		D1F104872A0FF56500A80460 /* PBXTargetDependency */ = {
			isa = PBXTargetDependency;
			target = D1F1046B2A0FF56400A80460 /* letsFitApp */;
			targetProxy = D1F104862A0FF56500A80460 /* PBXContainerItemProxy */;
		};
		D1F104912A0FF56500A80460 /* PBXTargetDependency */ = {
			isa = PBXTargetDependency;
			target = D1F1046B2A0FF56400A80460 /* letsFitApp */;
			targetProxy = D1F104902A0FF56500A80460 /* PBXContainerItemProxy */;
		};
/* End PBXTargetDependency section */

/* Begin PBXVariantGroup section */
		D1F104752A0FF56400A80460 /* Main.storyboard */ = {
			isa = PBXVariantGroup;
			children = (
				D1F104762A0FF56400A80460 /* Base */,
			);
			name = Main.storyboard;
			sourceTree = "<group>";
		};
		D1F1047D2A0FF56500A80460 /* LaunchScreen.storyboard */ = {
			isa = PBXVariantGroup;
			children = (
				D1F1047E2A0FF56500A80460 /* Base */,
			);
			name = LaunchScreen.storyboard;
			sourceTree = "<group>";
		};
/* End PBXVariantGroup section */

/* Begin XCBuildConfiguration section */
		D1F104972A0FF56500A80460 /* Debug */ = {
			isa = XCBuildConfiguration;
			buildSettings = {
				ALWAYS_SEARCH_USER_PATHS = NO;
				CLANG_ANALYZER_NONNULL = YES;
				CLANG_ANALYZER_NUMBER_OBJECT_CONVERSION = YES_AGGRESSIVE;
				CLANG_CXX_LANGUAGE_STANDARD = "gnu++20";
				CLANG_ENABLE_MODULES = YES;
				CLANG_ENABLE_OBJC_ARC = YES;
				CLANG_ENABLE_OBJC_WEAK = YES;
				CLANG_WARN_BLOCK_CAPTURE_AUTORELEASING = YES;
				CLANG_WARN_BOOL_CONVERSION = YES;
				CLANG_WARN_COMMA = YES;
				CLANG_WARN_CONSTANT_CONVERSION = YES;
				CLANG_WARN_DEPRECATED_OBJC_IMPLEMENTATIONS = YES;
				CLANG_WARN_DIRECT_OBJC_ISA_USAGE = YES_ERROR;
				CLANG_WARN_DOCUMENTATION_COMMENTS = YES;
				CLANG_WARN_EMPTY_BODY = YES;
				CLANG_WARN_ENUM_CONVERSION = YES;
				CLANG_WARN_INFINITE_RECURSION = YES;
				CLANG_WARN_INT_CONVERSION = YES;
				CLANG_WARN_NON_LITERAL_NULL_CONVERSION = YES;
				CLANG_WARN_OBJC_IMPLICIT_RETAIN_SELF = YES;
				CLANG_WARN_OBJC_LITERAL_CONVERSION = YES;
				CLANG_WARN_OBJC_ROOT_CLASS = YES_ERROR;
				CLANG_WARN_QUOTED_INCLUDE_IN_FRAMEWORK_HEADER = YES;
				CLANG_WARN_RANGE_LOOP_ANALYSIS = YES;
				CLANG_WARN_STRICT_PROTOTYPES = YES;
				CLANG_WARN_SUSPICIOUS_MOVE = YES;
				CLANG_WARN_UNGUARDED_AVAILABILITY = YES_AGGRESSIVE;
				CLANG_WARN_UNREACHABLE_CODE = YES;
				CLANG_WARN__DUPLICATE_METHOD_MATCH = YES;
				COPY_PHASE_STRIP = NO;
				DEBUG_INFORMATION_FORMAT = dwarf;
				ENABLE_STRICT_OBJC_MSGSEND = YES;
				ENABLE_TESTABILITY = YES;
				GCC_C_LANGUAGE_STANDARD = gnu11;
				GCC_DYNAMIC_NO_PIC = NO;
				GCC_NO_COMMON_BLOCKS = YES;
				GCC_OPTIMIZATION_LEVEL = 0;
				GCC_PREPROCESSOR_DEFINITIONS = (
					"DEBUG=1",
					"$(inherited)",
				);
				GCC_WARN_64_TO_32_BIT_CONVERSION = YES;
				GCC_WARN_ABOUT_RETURN_TYPE = YES_ERROR;
				GCC_WARN_UNDECLARED_SELECTOR = YES;
				GCC_WARN_UNINITIALIZED_AUTOS = YES_AGGRESSIVE;
				GCC_WARN_UNUSED_FUNCTION = YES;
				GCC_WARN_UNUSED_VARIABLE = YES;
				IPHONEOS_DEPLOYMENT_TARGET = 16.4;
				MTL_ENABLE_DEBUG_INFO = INCLUDE_SOURCE;
				MTL_FAST_MATH = YES;
				ONLY_ACTIVE_ARCH = YES;
				SDKROOT = iphoneos;
				SWIFT_ACTIVE_COMPILATION_CONDITIONS = DEBUG;
				SWIFT_OPTIMIZATION_LEVEL = "-Onone";
			};
			name = Debug;
		};
		D1F104982A0FF56500A80460 /* Release */ = {
			isa = XCBuildConfiguration;
			buildSettings = {
				ALWAYS_SEARCH_USER_PATHS = NO;
				CLANG_ANALYZER_NONNULL = YES;
				CLANG_ANALYZER_NUMBER_OBJECT_CONVERSION = YES_AGGRESSIVE;
				CLANG_CXX_LANGUAGE_STANDARD = "gnu++20";
				CLANG_ENABLE_MODULES = YES;
				CLANG_ENABLE_OBJC_ARC = YES;
				CLANG_ENABLE_OBJC_WEAK = YES;
				CLANG_WARN_BLOCK_CAPTURE_AUTORELEASING = YES;
				CLANG_WARN_BOOL_CONVERSION = YES;
				CLANG_WARN_COMMA = YES;
				CLANG_WARN_CONSTANT_CONVERSION = YES;
				CLANG_WARN_DEPRECATED_OBJC_IMPLEMENTATIONS = YES;
				CLANG_WARN_DIRECT_OBJC_ISA_USAGE = YES_ERROR;
				CLANG_WARN_DOCUMENTATION_COMMENTS = YES;
				CLANG_WARN_EMPTY_BODY = YES;
				CLANG_WARN_ENUM_CONVERSION = YES;
				CLANG_WARN_INFINITE_RECURSION = YES;
				CLANG_WARN_INT_CONVERSION = YES;
				CLANG_WARN_NON_LITERAL_NULL_CONVERSION = YES;
				CLANG_WARN_OBJC_IMPLICIT_RETAIN_SELF = YES;
				CLANG_WARN_OBJC_LITERAL_CONVERSION = YES;
				CLANG_WARN_OBJC_ROOT_CLASS = YES_ERROR;
				CLANG_WARN_QUOTED_INCLUDE_IN_FRAMEWORK_HEADER = YES;
				CLANG_WARN_RANGE_LOOP_ANALYSIS = YES;
				CLANG_WARN_STRICT_PROTOTYPES = YES;
				CLANG_WARN_SUSPICIOUS_MOVE = YES;
				CLANG_WARN_UNGUARDED_AVAILABILITY = YES_AGGRESSIVE;
				CLANG_WARN_UNREACHABLE_CODE = YES;
				CLANG_WARN__DUPLICATE_METHOD_MATCH = YES;
				COPY_PHASE_STRIP = NO;
				DEBUG_INFORMATION_FORMAT = "dwarf-with-dsym";
				ENABLE_NS_ASSERTIONS = NO;
				ENABLE_STRICT_OBJC_MSGSEND = YES;
				GCC_C_LANGUAGE_STANDARD = gnu11;
				GCC_NO_COMMON_BLOCKS = YES;
				GCC_WARN_64_TO_32_BIT_CONVERSION = YES;
				GCC_WARN_ABOUT_RETURN_TYPE = YES_ERROR;
				GCC_WARN_UNDECLARED_SELECTOR = YES;
				GCC_WARN_UNINITIALIZED_AUTOS = YES_AGGRESSIVE;
				GCC_WARN_UNUSED_FUNCTION = YES;
				GCC_WARN_UNUSED_VARIABLE = YES;
				IPHONEOS_DEPLOYMENT_TARGET = 16.4;
				MTL_ENABLE_DEBUG_INFO = NO;
				MTL_FAST_MATH = YES;
				SDKROOT = iphoneos;
				SWIFT_COMPILATION_MODE = wholemodule;
				SWIFT_OPTIMIZATION_LEVEL = "-O";
				VALIDATE_PRODUCT = YES;
			};
			name = Release;
		};
		D1F1049A2A0FF56500A80460 /* Debug */ = {
			isa = XCBuildConfiguration;
			baseConfigurationReference = 600EA204361321A06E4B3993 /* Pods-letsFitApp.debug.xcconfig */;
			buildSettings = {
				ASSETCATALOG_COMPILER_APPICON_NAME = AppIcon;
				ASSETCATALOG_COMPILER_GLOBAL_ACCENT_COLOR_NAME = AccentColor;
				CODE_SIGN_STYLE = Automatic;
				CURRENT_PROJECT_VERSION = 1;
				DEVELOPMENT_TEAM = N9KA4ZJ6RM;
				GENERATE_INFOPLIST_FILE = YES;
				INFOPLIST_FILE = letsFitApp/Info.plist;
				INFOPLIST_KEY_UIApplicationSupportsIndirectInputEvents = YES;
				INFOPLIST_KEY_UILaunchStoryboardName = LaunchScreen;
				INFOPLIST_KEY_UIMainStoryboardFile = Main;
				INFOPLIST_KEY_UISupportedInterfaceOrientations_iPad = "UIInterfaceOrientationPortrait UIInterfaceOrientationPortraitUpsideDown UIInterfaceOrientationLandscapeLeft UIInterfaceOrientationLandscapeRight";
				INFOPLIST_KEY_UISupportedInterfaceOrientations_iPhone = "UIInterfaceOrientationPortrait UIInterfaceOrientationLandscapeLeft UIInterfaceOrientationLandscapeRight";
				LD_RUNPATH_SEARCH_PATHS = (
					"$(inherited)",
					"@executable_path/Frameworks",
				);
				MARKETING_VERSION = 1.0;
				PRODUCT_BUNDLE_IDENTIFIER = ealpago.letsFitApp;
				PRODUCT_NAME = "$(TARGET_NAME)";
				SWIFT_EMIT_LOC_STRINGS = YES;
				SWIFT_VERSION = 5.0;
				TARGETED_DEVICE_FAMILY = "1,2";
			};
			name = Debug;
		};
		D1F1049B2A0FF56500A80460 /* Release */ = {
			isa = XCBuildConfiguration;
			baseConfigurationReference = 82F6B8168CD0D6AE55C83EE2 /* Pods-letsFitApp.release.xcconfig */;
			buildSettings = {
				ASSETCATALOG_COMPILER_APPICON_NAME = AppIcon;
				ASSETCATALOG_COMPILER_GLOBAL_ACCENT_COLOR_NAME = AccentColor;
				CODE_SIGN_STYLE = Automatic;
				CURRENT_PROJECT_VERSION = 1;
				DEVELOPMENT_TEAM = N9KA4ZJ6RM;
				GENERATE_INFOPLIST_FILE = YES;
				INFOPLIST_FILE = letsFitApp/Info.plist;
				INFOPLIST_KEY_UIApplicationSupportsIndirectInputEvents = YES;
				INFOPLIST_KEY_UILaunchStoryboardName = LaunchScreen;
				INFOPLIST_KEY_UIMainStoryboardFile = Main;
				INFOPLIST_KEY_UISupportedInterfaceOrientations_iPad = "UIInterfaceOrientationPortrait UIInterfaceOrientationPortraitUpsideDown UIInterfaceOrientationLandscapeLeft UIInterfaceOrientationLandscapeRight";
				INFOPLIST_KEY_UISupportedInterfaceOrientations_iPhone = "UIInterfaceOrientationPortrait UIInterfaceOrientationLandscapeLeft UIInterfaceOrientationLandscapeRight";
				LD_RUNPATH_SEARCH_PATHS = (
					"$(inherited)",
					"@executable_path/Frameworks",
				);
				MARKETING_VERSION = 1.0;
				PRODUCT_BUNDLE_IDENTIFIER = ealpago.letsFitApp;
				PRODUCT_NAME = "$(TARGET_NAME)";
				SWIFT_EMIT_LOC_STRINGS = YES;
				SWIFT_VERSION = 5.0;
				TARGETED_DEVICE_FAMILY = "1,2";
			};
			name = Release;
		};
		D1F1049D2A0FF56500A80460 /* Debug */ = {
			isa = XCBuildConfiguration;
			baseConfigurationReference = 236DB632E1E463E7489BBD68 /* Pods-letsFitAppTests.debug.xcconfig */;
			buildSettings = {
				ALWAYS_EMBED_SWIFT_STANDARD_LIBRARIES = YES;
				BUNDLE_LOADER = "$(TEST_HOST)";
				CODE_SIGN_STYLE = Automatic;
				CURRENT_PROJECT_VERSION = 1;
				DEVELOPMENT_TEAM = N9KA4ZJ6RM;
				GENERATE_INFOPLIST_FILE = YES;
				IPHONEOS_DEPLOYMENT_TARGET = 16.4;
				MARKETING_VERSION = 1.0;
				PRODUCT_BUNDLE_IDENTIFIER = ealpago.letsFitAppTests;
				PRODUCT_NAME = "$(TARGET_NAME)";
				SWIFT_EMIT_LOC_STRINGS = NO;
				SWIFT_VERSION = 5.0;
				TARGETED_DEVICE_FAMILY = "1,2";
				TEST_HOST = "$(BUILT_PRODUCTS_DIR)/letsFitApp.app/$(BUNDLE_EXECUTABLE_FOLDER_PATH)/letsFitApp";
			};
			name = Debug;
		};
		D1F1049E2A0FF56500A80460 /* Release */ = {
			isa = XCBuildConfiguration;
			baseConfigurationReference = 8D1EF5E584A4F2D423355B82 /* Pods-letsFitAppTests.release.xcconfig */;
			buildSettings = {
				ALWAYS_EMBED_SWIFT_STANDARD_LIBRARIES = YES;
				BUNDLE_LOADER = "$(TEST_HOST)";
				CODE_SIGN_STYLE = Automatic;
				CURRENT_PROJECT_VERSION = 1;
				DEVELOPMENT_TEAM = N9KA4ZJ6RM;
				GENERATE_INFOPLIST_FILE = YES;
				IPHONEOS_DEPLOYMENT_TARGET = 16.4;
				MARKETING_VERSION = 1.0;
				PRODUCT_BUNDLE_IDENTIFIER = ealpago.letsFitAppTests;
				PRODUCT_NAME = "$(TARGET_NAME)";
				SWIFT_EMIT_LOC_STRINGS = NO;
				SWIFT_VERSION = 5.0;
				TARGETED_DEVICE_FAMILY = "1,2";
				TEST_HOST = "$(BUILT_PRODUCTS_DIR)/letsFitApp.app/$(BUNDLE_EXECUTABLE_FOLDER_PATH)/letsFitApp";
			};
			name = Release;
		};
		D1F104A02A0FF56500A80460 /* Debug */ = {
			isa = XCBuildConfiguration;
			baseConfigurationReference = A4C5CE5C46331CEF34780841 /* Pods-letsFitApp-letsFitAppUITests.debug.xcconfig */;
			buildSettings = {
				ALWAYS_EMBED_SWIFT_STANDARD_LIBRARIES = YES;
				CODE_SIGN_STYLE = Automatic;
				CURRENT_PROJECT_VERSION = 1;
				DEVELOPMENT_TEAM = N9KA4ZJ6RM;
				GENERATE_INFOPLIST_FILE = YES;
				MARKETING_VERSION = 1.0;
				PRODUCT_BUNDLE_IDENTIFIER = ealpago.letsFitAppUITests;
				PRODUCT_NAME = "$(TARGET_NAME)";
				SWIFT_EMIT_LOC_STRINGS = NO;
				SWIFT_VERSION = 5.0;
				TARGETED_DEVICE_FAMILY = "1,2";
				TEST_TARGET_NAME = letsFitApp;
			};
			name = Debug;
		};
		D1F104A12A0FF56500A80460 /* Release */ = {
			isa = XCBuildConfiguration;
			baseConfigurationReference = D0D0F41D3DAB53F9284DF367 /* Pods-letsFitApp-letsFitAppUITests.release.xcconfig */;
			buildSettings = {
				ALWAYS_EMBED_SWIFT_STANDARD_LIBRARIES = YES;
				CODE_SIGN_STYLE = Automatic;
				CURRENT_PROJECT_VERSION = 1;
				DEVELOPMENT_TEAM = N9KA4ZJ6RM;
				GENERATE_INFOPLIST_FILE = YES;
				MARKETING_VERSION = 1.0;
				PRODUCT_BUNDLE_IDENTIFIER = ealpago.letsFitAppUITests;
				PRODUCT_NAME = "$(TARGET_NAME)";
				SWIFT_EMIT_LOC_STRINGS = NO;
				SWIFT_VERSION = 5.0;
				TARGETED_DEVICE_FAMILY = "1,2";
				TEST_TARGET_NAME = letsFitApp;
			};
			name = Release;
		};
/* End XCBuildConfiguration section */

/* Begin XCConfigurationList section */
		D1F104672A0FF56400A80460 /* Build configuration list for PBXProject "letsFitApp" */ = {
			isa = XCConfigurationList;
			buildConfigurations = (
				D1F104972A0FF56500A80460 /* Debug */,
				D1F104982A0FF56500A80460 /* Release */,
			);
			defaultConfigurationIsVisible = 0;
			defaultConfigurationName = Release;
		};
		D1F104992A0FF56500A80460 /* Build configuration list for PBXNativeTarget "letsFitApp" */ = {
			isa = XCConfigurationList;
			buildConfigurations = (
				D1F1049A2A0FF56500A80460 /* Debug */,
				D1F1049B2A0FF56500A80460 /* Release */,
			);
			defaultConfigurationIsVisible = 0;
			defaultConfigurationName = Release;
		};
		D1F1049C2A0FF56500A80460 /* Build configuration list for PBXNativeTarget "letsFitAppTests" */ = {
			isa = XCConfigurationList;
			buildConfigurations = (
				D1F1049D2A0FF56500A80460 /* Debug */,
				D1F1049E2A0FF56500A80460 /* Release */,
			);
			defaultConfigurationIsVisible = 0;
			defaultConfigurationName = Release;
		};
		D1F1049F2A0FF56500A80460 /* Build configuration list for PBXNativeTarget "letsFitAppUITests" */ = {
			isa = XCConfigurationList;
			buildConfigurations = (
				D1F104A02A0FF56500A80460 /* Debug */,
				D1F104A12A0FF56500A80460 /* Release */,
			);
			defaultConfigurationIsVisible = 0;
			defaultConfigurationName = Release;
		};
/* End XCConfigurationList section */

/* Begin XCVersionGroup section */
		D1F104782A0FF56400A80460 /* letsFitApp.xcdatamodeld */ = {
			isa = XCVersionGroup;
			children = (
				D1F104792A0FF56400A80460 /* letsFitApp.xcdatamodel */,
			);
			currentVersion = D1F104792A0FF56400A80460 /* letsFitApp.xcdatamodel */;
			path = letsFitApp.xcdatamodeld;
			sourceTree = "<group>";
			versionGroupType = wrapper.xcdatamodel;
		};
/* End XCVersionGroup section */
	};
	rootObject = D1F104642A0FF56400A80460 /* Project object */;
}
